Microsoft Visual Studio Solution File, Format Version 12.00
# Visual Studio Version 17
VisualStudioVersion = 17.5.2.0
MinimumVisualStudioVersion = 10.0.40219.1
Project("{2150E333-8FDC-42A3-9474-1A3956D46DE8}") = "src", "src", "{827E0CD3-B72D-47B6-A68D-7590B98EB39B}"
EndProject
Project("{FAE04EC0-301F-11D3-BF4B-00C04F79EFBC}") = "McpServer.Application", "src\McpServer.Application\McpServer.Application.csproj", "{A33192C6-449E-CFCC-1020-A5199C510356}"
EndProject
Project("{FAE04EC0-301F-11D3-BF4B-00C04F79EFBC}") = "McpServer.Infrastructure", "src\McpServer.Infrastructure\McpServer.Infrastructure.csproj", "{00C8C98D-9F8F-453F-F9F6-933D86506191}"
EndProject
Project("{FAE04EC0-301F-11D3-BF4B-00C04F79EFBC}") = "McpServer.Domain", "src\McpServer.Domain\McpServer.Domain.csproj", "{B6E380ED-3A72-AE04-E427-79EA170E0965}"
EndProject
Project("{FAE04EC0-301F-11D3-BF4B-00C04F79EFBC}") = "McpServer.API", "src\McpServer.API\McpServer.API.csproj", "{395E71CB-D742-29EB-8153-C9889EC07309}"
EndProject
Global
	GlobalSection(SolutionConfigurationPlatforms) = preSolution
		Debug|Any CPU = Debug|Any CPU
		Release|Any CPU = Release|Any CPU
	EndGlobalSection
	GlobalSection(ProjectConfigurationPlatforms) = postSolution
		{A33192C6-449E-CFCC-1020-A5199C510356}.Debug|Any CPU.ActiveCfg = Debug|Any CPU
		{A33192C6-449E-CFCC-1020-A5199C510356}.Debug|Any CPU.Build.0 = Debug|Any CPU
		{A33192C6-449E-CFCC-1020-A5199C510356}.Release|Any CPU.ActiveCfg = Release|Any CPU
		{A33192C6-449E-CFCC-1020-A5199C510356}.Release|Any CPU.Build.0 = Release|Any CPU
		{00C8C98D-9F8F-453F-F9F6-933D86506191}.Debug|Any CPU.ActiveCfg = Debug|Any CPU
		{00C8C98D-9F8F-453F-F9F6-933D86506191}.Debug|Any CPU.Build.0 = Debug|Any CPU
		{00C8C98D-9F8F-453F-F9F6-933D86506191}.Release|Any CPU.ActiveCfg = Release|Any CPU
		{00C8C98D-9F8F-453F-F9F6-933D86506191}.Release|Any CPU.Build.0 = Release|Any CPU
		{B6E380ED-3A72-AE04-E427-79EA170E0965}.Debug|Any CPU.ActiveCfg = Debug|Any CPU
		{B6E380ED-3A72-AE04-E427-79EA170E0965}.Debug|Any CPU.Build.0 = Debug|Any CPU
		{B6E380ED-3A72-AE04-E427-79EA170E0965}.Release|Any CPU.ActiveCfg = Release|Any CPU
		{B6E380ED-3A72-AE04-E427-79EA170E0965}.Release|Any CPU.Build.0 = Release|Any CPU
		{395E71CB-D742-29EB-8153-C9889EC07309}.Debug|Any CPU.ActiveCfg = Debug|Any CPU
		{395E71CB-D742-29EB-8153-C9889EC07309}.Debug|Any CPU.Build.0 = Debug|Any CPU
		{395E71CB-D742-29EB-8153-C9889EC07309}.Release|Any CPU.ActiveCfg = Release|Any CPU
		{395E71CB-D742-29EB-8153-C9889EC07309}.Release|Any CPU.Build.0 = Release|Any CPU
	EndGlobalSection
	GlobalSection(SolutionProperties) = preSolution
		HideSolutionNode = FALSE
	EndGlobalSection
	GlobalSection(NestedProjects) = preSolution
		{A33192C6-449E-CFCC-1020-A5199C510356} = {827E0CD3-B72D-47B6-A68D-7590B98EB39B}
		{00C8C98D-9F8F-453F-F9F6-933D86506191} = {827E0CD3-B72D-47B6-A68D-7590B98EB39B}
		{B6E380ED-3A72-AE04-E427-79EA170E0965} = {827E0CD3-B72D-47B6-A68D-7590B98EB39B}
		{395E71CB-D742-29EB-8153-C9889EC07309} = {827E0CD3-B72D-47B6-A68D-7590B98EB39B}
	EndGlobalSection
	GlobalSection(ExtensibilityGlobals) = postSolution
		SolutionGuid = {F2B67692-5F85-4A93-BFEE-BEB36B616651}
	EndGlobalSection
EndGlobal
